
Microsoft Visual Studio Solution File, Format Version 12.00
# Visual Studio Version 17
VisualStudioVersion = 17.2.32616.157
MinimumVisualStudioVersion = 10.0.40219.1
Project("{FAE04EC0-301F-11D3-BF4B-00C04F79EFBC}") = "EntitySonKısım", "EntitySonKısım\EntitySonKısım.csproj", "{8AC2E962-8991-4372-9BCE-262DDA850536}"
EndProject
Global
	GlobalSection(SolutionConfigurationPlatforms) = preSolution
		Debug|Any CPU = Debug|Any CPU
		Release|Any CPU = Release|Any CPU
	EndGlobalSection
	GlobalSection(ProjectConfigurationPlatforms) = postSolution
		{8AC2E962-8991-4372-9BCE-262DDA850536}.Debug|Any CPU.ActiveCfg = Debug|Any CPU
		{8AC2E962-8991-4372-9BCE-262DDA850536}.Debug|Any CPU.Build.0 = Debug|Any CPU
		{8AC2E962-8991-4372-9BCE-262DDA850536}.Release|Any CPU.ActiveCfg = Release|Any CPU
		{8AC2E962-8991-4372-9BCE-262DDA850536}.Release|Any CPU.Build.0 = Release|Any CPU
	EndGlobalSection
	GlobalSection(SolutionProperties) = preSolution
		HideSolutionNode = FALSE
	EndGlobalSection
	GlobalSection(ExtensibilityGlobals) = postSolution
		SolutionGuid = {BCE0888B-9E00-4D9D-BB61-27250E5E4727}
	EndGlobalSection
EndGlobal
